
Microsoft Visual Studio Solution File, Format Version 12.00
# Visual Studio Version 16
VisualStudioVersion = 16.0.29709.97
MinimumVisualStudioVersion = 10.0.40219.1
Project("{9A19103F-16F7-4668-BE54-9A1E7A4F7556}") = "MyProduct.API.Extensions", "MyProduct.API.Extensions\MyProduct.API.Extensions.csproj", "{A5E59C5A-46B5-4878-A60A-4CC68F53E883}"
EndProject
Project("{9A19103F-16F7-4668-BE54-9A1E7A4F7556}") = "MyProduct.API.Extensions.Tests", "MyProduct.API.Extensions.Tests\MyProduct.API.Extensions.Tests.csproj", "{070CCBDD-5BA2-42AA-8BEC-CD2CDBEDE8F6}"
EndProject
Global
	GlobalSection(SolutionConfigurationPlatforms) = preSolution
		Debug|Any CPU = Debug|Any CPU
		Release|Any CPU = Release|Any CPU
	EndGlobalSection
	GlobalSection(ProjectConfigurationPlatforms) = postSolution
		{A5E59C5A-46B5-4878-A60A-4CC68F53E883}.Debug|Any CPU.ActiveCfg = Debug|Any CPU
		{A5E59C5A-46B5-4878-A60A-4CC68F53E883}.Debug|Any CPU.Build.0 = Debug|Any CPU
		{A5E59C5A-46B5-4878-A60A-4CC68F53E883}.Release|Any CPU.ActiveCfg = Release|Any CPU
		{A5E59C5A-46B5-4878-A60A-4CC68F53E883}.Release|Any CPU.Build.0 = Release|Any CPU
		{070CCBDD-5BA2-42AA-8BEC-CD2CDBEDE8F6}.Debug|Any CPU.ActiveCfg = Debug|Any CPU
		{070CCBDD-5BA2-42AA-8BEC-CD2CDBEDE8F6}.Debug|Any CPU.Build.0 = Debug|Any CPU
		{070CCBDD-5BA2-42AA-8BEC-CD2CDBEDE8F6}.Release|Any CPU.ActiveCfg = Release|Any CPU
		{070CCBDD-5BA2-42AA-8BEC-CD2CDBEDE8F6}.Release|Any CPU.Build.0 = Release|Any CPU
	EndGlobalSection
	GlobalSection(SolutionProperties) = preSolution
		HideSolutionNode = FALSE
	EndGlobalSection
	GlobalSection(ExtensibilityGlobals) = postSolution
		SolutionGuid = {F3CE10DB-EDBE-465E-8AA1-BB5D5FF03B32}
	EndGlobalSection
EndGlobal
