
Microsoft Visual Studio Solution File, Format Version 12.00
# Visual Studio Version 16
VisualStudioVersion = 16.0.29709.97
MinimumVisualStudioVersion = 10.0.40219.1
Project("{9A19103F-16F7-4668-BE54-9A1E7A4F7556}") = "MyProduct.HttpClientExtensions", "MyProduct.HttpClientExtensions\MyProduct.HttpClientExtensions.csproj", "{F04598DD-54A3-47A7-960B-1DB65E652D8F}"
EndProject
Project("{9A19103F-16F7-4668-BE54-9A1E7A4F7556}") = "MyProduct.HttpClientExtensions.Consumer", "MyProduct.HttpClientExtensions.Consumer\MyProduct.HttpClientExtensions.Consumer.csproj", "{3E086785-5C68-4EF1-9590-80377D48CA15}"
EndProject
Global
	GlobalSection(SolutionConfigurationPlatforms) = preSolution
		Debug|Any CPU = Debug|Any CPU
		Release|Any CPU = Release|Any CPU
	EndGlobalSection
	GlobalSection(ProjectConfigurationPlatforms) = postSolution
		{F04598DD-54A3-47A7-960B-1DB65E652D8F}.Debug|Any CPU.ActiveCfg = Debug|Any CPU
		{F04598DD-54A3-47A7-960B-1DB65E652D8F}.Debug|Any CPU.Build.0 = Debug|Any CPU
		{F04598DD-54A3-47A7-960B-1DB65E652D8F}.Release|Any CPU.ActiveCfg = Release|Any CPU
		{F04598DD-54A3-47A7-960B-1DB65E652D8F}.Release|Any CPU.Build.0 = Release|Any CPU
		{3E086785-5C68-4EF1-9590-80377D48CA15}.Debug|Any CPU.ActiveCfg = Debug|Any CPU
		{3E086785-5C68-4EF1-9590-80377D48CA15}.Debug|Any CPU.Build.0 = Debug|Any CPU
		{3E086785-5C68-4EF1-9590-80377D48CA15}.Release|Any CPU.ActiveCfg = Release|Any CPU
		{3E086785-5C68-4EF1-9590-80377D48CA15}.Release|Any CPU.Build.0 = Release|Any CPU
	EndGlobalSection
	GlobalSection(SolutionProperties) = preSolution
		HideSolutionNode = FALSE
	EndGlobalSection
	GlobalSection(ExtensibilityGlobals) = postSolution
		SolutionGuid = {029BFA78-674E-4D40-B03B-37B9F9745B86}
	EndGlobalSection
EndGlobal
